
Microsoft Visual Studio Solution File, Format Version 12.00
# Visual Studio Version 17
VisualStudioVersion = 17.3.32825.248
MinimumVisualStudioVersion = 10.0.40219.1
Project("{9A19103F-16F7-4668-BE54-9A1E7A4F7556}") = "AutoArchive", "AutoArchive\AutoArchive.csproj", "{B3AB1C35-28E5-4A21-8275-2FA9FF998360}"
EndProject
Project("{9A19103F-16F7-4668-BE54-9A1E7A4F7556}") = "AutoArchivePlus", "AutoArchivePlus\AutoArchivePlus.csproj", "{3F5869B1-D37A-4FC1-AC33-C617A36897B6}"
EndProject
Project("{9A19103F-16F7-4668-BE54-9A1E7A4F7556}") = "Tools", "Tools\Tools.csproj", "{60B86EBB-0204-4C53-B0F3-570D1C04338F}"
EndProject
Project("{9A19103F-16F7-4668-BE54-9A1E7A4F7556}") = "DataBase", "DataBase\DataBase.csproj", "{36244959-1B33-496A-B73B-E9FA819A6EC6}"
EndProject
Global
	GlobalSection(SolutionConfigurationPlatforms) = preSolution
		Debug|Any CPU = Debug|Any CPU
		Release|Any CPU = Release|Any CPU
		x64|Any CPU = x64|Any CPU
	EndGlobalSection
	GlobalSection(ProjectConfigurationPlatforms) = postSolution
		{B3AB1C35-28E5-4A21-8275-2FA9FF998360}.Debug|Any CPU.ActiveCfg = Debug|Any CPU
		{B3AB1C35-28E5-4A21-8275-2FA9FF998360}.Debug|Any CPU.Build.0 = Debug|Any CPU
		{B3AB1C35-28E5-4A21-8275-2FA9FF998360}.Release|Any CPU.ActiveCfg = Release|Any CPU
		{B3AB1C35-28E5-4A21-8275-2FA9FF998360}.Release|Any CPU.Build.0 = Release|Any CPU
		{B3AB1C35-28E5-4A21-8275-2FA9FF998360}.x64|Any CPU.ActiveCfg = Release|Any CPU
		{B3AB1C35-28E5-4A21-8275-2FA9FF998360}.x64|Any CPU.Build.0 = Release|Any CPU
		{3F5869B1-D37A-4FC1-AC33-C617A36897B6}.Debug|Any CPU.ActiveCfg = Debug|Any CPU
		{3F5869B1-D37A-4FC1-AC33-C617A36897B6}.Debug|Any CPU.Build.0 = Debug|Any CPU
		{3F5869B1-D37A-4FC1-AC33-C617A36897B6}.Release|Any CPU.ActiveCfg = Release|Any CPU
		{3F5869B1-D37A-4FC1-AC33-C617A36897B6}.Release|Any CPU.Build.0 = Release|Any CPU
		{3F5869B1-D37A-4FC1-AC33-C617A36897B6}.x64|Any CPU.ActiveCfg = Debug|Any CPU
		{3F5869B1-D37A-4FC1-AC33-C617A36897B6}.x64|Any CPU.Build.0 = Debug|Any CPU
		{60B86EBB-0204-4C53-B0F3-570D1C04338F}.Debug|Any CPU.ActiveCfg = Debug|Any CPU
		{60B86EBB-0204-4C53-B0F3-570D1C04338F}.Debug|Any CPU.Build.0 = Debug|Any CPU
		{60B86EBB-0204-4C53-B0F3-570D1C04338F}.Release|Any CPU.ActiveCfg = Release|Any CPU
		{60B86EBB-0204-4C53-B0F3-570D1C04338F}.Release|Any CPU.Build.0 = Release|Any CPU
		{60B86EBB-0204-4C53-B0F3-570D1C04338F}.x64|Any CPU.ActiveCfg = Debug|Any CPU
		{60B86EBB-0204-4C53-B0F3-570D1C04338F}.x64|Any CPU.Build.0 = Debug|Any CPU
		{36244959-1B33-496A-B73B-E9FA819A6EC6}.Debug|Any CPU.ActiveCfg = Debug|Any CPU
		{36244959-1B33-496A-B73B-E9FA819A6EC6}.Debug|Any CPU.Build.0 = Debug|Any CPU
		{36244959-1B33-496A-B73B-E9FA819A6EC6}.Release|Any CPU.ActiveCfg = Release|Any CPU
		{36244959-1B33-496A-B73B-E9FA819A6EC6}.Release|Any CPU.Build.0 = Release|Any CPU
		{36244959-1B33-496A-B73B-E9FA819A6EC6}.x64|Any CPU.ActiveCfg = Debug|Any CPU
		{36244959-1B33-496A-B73B-E9FA819A6EC6}.x64|Any CPU.Build.0 = Debug|Any CPU
	EndGlobalSection
	GlobalSection(SolutionProperties) = preSolution
		HideSolutionNode = FALSE
	EndGlobalSection
	GlobalSection(ExtensibilityGlobals) = postSolution
		SolutionGuid = {7F9F7889-035E-46E3-B48A-8A2806EE9842}
		RESX_NeutralResourcesLanguage = zh-CN
		RESX_ConfirmAddLanguageFile = True
		RESX_CultureCountyOverrides = en=en-BI
	EndGlobalSection
EndGlobal
